
Microsoft Visual Studio Solution File, Format Version 12.00
# Visual Studio 15
VisualStudioVersion = 15.0.26124.0
MinimumVisualStudioVersion = 15.0.26124.0
Project("{FAE04EC0-301F-11D3-BF4B-00C04F79EFBC}") = "BattleMuffin", "BattleMuffin\BattleMuffin.csproj", "{9321ED15-F3DA-42D8-B0D3-60836F9BA80C}"
EndProject
Project("{FAE04EC0-301F-11D3-BF4B-00C04F79EFBC}") = "BattleMuffin.IntegrationTests", "BattleMuffin.IntegrationTests\BattleMuffin.IntegrationTests.csproj", "{16CF1E4A-6E13-4A36-B524-C9C9DC00E77F}"
EndProject
Project("{FAE04EC0-301F-11D3-BF4B-00C04F79EFBC}") = "BattleMuffin.UnitTests", "BattleMuffin.UnitTests\BattleMuffin.UnitTests.csproj", "{EC77FD58-3B68-46D5-AEB4-D6CADDC32CF2}"
EndProject
Global
	GlobalSection(SolutionConfigurationPlatforms) = preSolution
		Debug|Any CPU = Debug|Any CPU
		Debug|x64 = Debug|x64
		Debug|x86 = Debug|x86
		Release|Any CPU = Release|Any CPU
		Release|x64 = Release|x64
		Release|x86 = Release|x86
	EndGlobalSection
	GlobalSection(SolutionProperties) = preSolution
		HideSolutionNode = FALSE
	EndGlobalSection
	GlobalSection(ProjectConfigurationPlatforms) = postSolution
		{9321ED15-F3DA-42D8-B0D3-60836F9BA80C}.Debug|Any CPU.ActiveCfg = Debug|Any CPU
		{9321ED15-F3DA-42D8-B0D3-60836F9BA80C}.Debug|Any CPU.Build.0 = Debug|Any CPU
		{9321ED15-F3DA-42D8-B0D3-60836F9BA80C}.Debug|x64.ActiveCfg = Debug|Any CPU
		{9321ED15-F3DA-42D8-B0D3-60836F9BA80C}.Debug|x64.Build.0 = Debug|Any CPU
		{9321ED15-F3DA-42D8-B0D3-60836F9BA80C}.Debug|x86.ActiveCfg = Debug|Any CPU
		{9321ED15-F3DA-42D8-B0D3-60836F9BA80C}.Debug|x86.Build.0 = Debug|Any CPU
		{9321ED15-F3DA-42D8-B0D3-60836F9BA80C}.Release|Any CPU.ActiveCfg = Release|Any CPU
		{9321ED15-F3DA-42D8-B0D3-60836F9BA80C}.Release|Any CPU.Build.0 = Release|Any CPU
		{9321ED15-F3DA-42D8-B0D3-60836F9BA80C}.Release|x64.ActiveCfg = Release|Any CPU
		{9321ED15-F3DA-42D8-B0D3-60836F9BA80C}.Release|x64.Build.0 = Release|Any CPU
		{9321ED15-F3DA-42D8-B0D3-60836F9BA80C}.Release|x86.ActiveCfg = Release|Any CPU
		{9321ED15-F3DA-42D8-B0D3-60836F9BA80C}.Release|x86.Build.0 = Release|Any CPU
		{16CF1E4A-6E13-4A36-B524-C9C9DC00E77F}.Debug|Any CPU.ActiveCfg = Debug|Any CPU
		{16CF1E4A-6E13-4A36-B524-C9C9DC00E77F}.Debug|Any CPU.Build.0 = Debug|Any CPU
		{16CF1E4A-6E13-4A36-B524-C9C9DC00E77F}.Debug|x64.ActiveCfg = Debug|Any CPU
		{16CF1E4A-6E13-4A36-B524-C9C9DC00E77F}.Debug|x64.Build.0 = Debug|Any CPU
		{16CF1E4A-6E13-4A36-B524-C9C9DC00E77F}.Debug|x86.ActiveCfg = Debug|Any CPU
		{16CF1E4A-6E13-4A36-B524-C9C9DC00E77F}.Debug|x86.Build.0 = Debug|Any CPU
		{16CF1E4A-6E13-4A36-B524-C9C9DC00E77F}.Release|Any CPU.ActiveCfg = Release|Any CPU
		{16CF1E4A-6E13-4A36-B524-C9C9DC00E77F}.Release|Any CPU.Build.0 = Release|Any CPU
		{16CF1E4A-6E13-4A36-B524-C9C9DC00E77F}.Release|x64.ActiveCfg = Release|Any CPU
		{16CF1E4A-6E13-4A36-B524-C9C9DC00E77F}.Release|x64.Build.0 = Release|Any CPU
		{16CF1E4A-6E13-4A36-B524-C9C9DC00E77F}.Release|x86.ActiveCfg = Release|Any CPU
		{16CF1E4A-6E13-4A36-B524-C9C9DC00E77F}.Release|x86.Build.0 = Release|Any CPU
		{EC77FD58-3B68-46D5-AEB4-D6CADDC32CF2}.Debug|Any CPU.ActiveCfg = Debug|Any CPU
		{EC77FD58-3B68-46D5-AEB4-D6CADDC32CF2}.Debug|Any CPU.Build.0 = Debug|Any CPU
		{EC77FD58-3B68-46D5-AEB4-D6CADDC32CF2}.Debug|x64.ActiveCfg = Debug|Any CPU
		{EC77FD58-3B68-46D5-AEB4-D6CADDC32CF2}.Debug|x64.Build.0 = Debug|Any CPU
		{EC77FD58-3B68-46D5-AEB4-D6CADDC32CF2}.Debug|x86.ActiveCfg = Debug|Any CPU
		{EC77FD58-3B68-46D5-AEB4-D6CADDC32CF2}.Debug|x86.Build.0 = Debug|Any CPU
		{EC77FD58-3B68-46D5-AEB4-D6CADDC32CF2}.Release|Any CPU.ActiveCfg = Release|Any CPU
		{EC77FD58-3B68-46D5-AEB4-D6CADDC32CF2}.Release|Any CPU.Build.0 = Release|Any CPU
		{EC77FD58-3B68-46D5-AEB4-D6CADDC32CF2}.Release|x64.ActiveCfg = Release|Any CPU
		{EC77FD58-3B68-46D5-AEB4-D6CADDC32CF2}.Release|x64.Build.0 = Release|Any CPU
		{EC77FD58-3B68-46D5-AEB4-D6CADDC32CF2}.Release|x86.ActiveCfg = Release|Any CPU
		{EC77FD58-3B68-46D5-AEB4-D6CADDC32CF2}.Release|x86.Build.0 = Release|Any CPU
	EndGlobalSection
EndGlobal
